lockfileVersion: '9.0'

settings:
  autoInstallPeers: true
  excludeLinksFromLockfile: false

importers:

  .:
    dependencies:
      lottie-web:
        specifier: ^5.12.2
        version: 5.12.2
      ngx-lottie:
        specifier: ^11.0.2
        version: 11.0.2(@angular/core@18.0.0(rxjs@7.8.1)(zone.js@0.14.6))(lottie-web@5.12.2)
    devDependencies:
      husky:
        specifier: ^9.0.11
        version: 9.0.11

packages:

  '@angular/core@18.0.0':
    resolution: {integrity: sha512-tpR7HIY4MJuM9ETpG15IvBr1wsI8Cyec3ZxYFe/27FKHARvxDbqIrT9QevmC6lxg1NdfD990G2XphYML1EyJ8g==}
    engines: {node: ^18.13.0 || >=20.9.0}
    peerDependencies:
      rxjs: ^6.5.3 || ^7.4.0
      zone.js: ~0.14.0

  '@scarf/scarf@1.3.0':
    resolution: {integrity: sha512-lHKK8M5CTcpFj2hZDB3wIjb0KAbEOgDmiJGDv1WBRfQgRm/a8/XMEkG/N1iM01xgbUDsPQwi42D+dFo1XPAKew==}

  husky@9.0.11:
    resolution: {integrity: sha512-AB6lFlbwwyIqMdHYhwPe+kjOC3Oc5P3nThEoW/AaO2BX3vJDjWPFxYLxokUZOo6RNX20He3AaT8sESs9NJcmEw==}
    engines: {node: '>=18'}
    hasBin: true

  lottie-web@5.12.2:
    resolution: {integrity: sha512-uvhvYPC8kGPjXT3MyKMrL3JitEAmDMp30lVkuq/590Mw9ok6pWcFCwXJveo0t5uqYw1UREQHofD+jVpdjBv8wg==}

  ngx-lottie@11.0.2:
    resolution: {integrity: sha512-sQhCTxfrzWpjN2HVFCSyAQYQg8ZjZVtO1xIhOkrJNHY3/TR/zZkVrhakWcaM5bVxyA7gfUnK3ox+iK59Yd8Bsw==}
    peerDependencies:
      '@angular/core': '>=17'
      lottie-web: '>=5.9.2'

  rxjs@7.8.1:
    resolution: {integrity: sha512-AA3TVj+0A2iuIoQkWEK/tqFjBq2j+6PO6Y0zJcvzLAFhEFIO3HL0vls9hWLncZbAAbK0mar7oZ4V079I/qPMxg==}

  tslib@2.6.2:
    resolution: {integrity: sha512-AEYxH93jGFPn/a2iVAwW87VuUIkR1FVUKB77NwMF7nBTDkDrrT/Hpt/IrCJ0QXhW27jTBDcf5ZY7w6RiqTMw2Q==}

  zone.js@0.14.6:
    resolution: {integrity: sha512-vyRNFqofdaHVdWAy7v3Bzmn84a1JHWSjpuTZROT/uYn8I3p2cmo7Ro9twFmYRQDPhiYOV7QLk0hhY4JJQVqS6Q==}

snapshots:

  '@angular/core@18.0.0(rxjs@7.8.1)(zone.js@0.14.6)':
    dependencies:
      rxjs: 7.8.1
      tslib: 2.6.2
      zone.js: 0.14.6

  '@scarf/scarf@1.3.0': {}

  husky@9.0.11: {}

  lottie-web@5.12.2: {}

  ngx-lottie@11.0.2(@angular/core@18.0.0(rxjs@7.8.1)(zone.js@0.14.6))(lottie-web@5.12.2):
    dependencies:
      '@angular/core': 18.0.0(rxjs@7.8.1)(zone.js@0.14.6)
      '@scarf/scarf': 1.3.0
      lottie-web: 5.12.2
      tslib: 2.6.2

  rxjs@7.8.1:
    dependencies:
      tslib: 2.6.2

  tslib@2.6.2: {}

  zone.js@0.14.6: {}
